{
  "name": "server",
  "version": "1.0.0",
  "lockfileVersion": 1,
  "requires": true,
  "dependencies": {
    "@types/zen-observable": {
      "version": "0.5.3",
      "resolved": "https://registry.npmjs.org/@types/zen-observable/-/zen-observable-0.5.3.tgz",
      "integrity": "sha512-aDvGDAHcVfUqNmd8q4//cHAP+HGxsbChbBbuk3+kMVk5TTxfWLpQWvVN3+UPjohLnwMYN7jr6BWNn2cYNqdm7g=="
    },
    "apollo-link": {
      "version": "1.0.7",
      "resolved": "https://registry.npmjs.org/apollo-link/-/apollo-link-1.0.7.tgz",
      "integrity": "sha512-oHzvpIDEy4UCNdbOw42wtOK1zOzdMrt4ulYyon24zT24MjicezTmXqJh2mR6whTl8RiUDLDY4ByusdKKXdcqHw==",
      "requires": {
        "@types/zen-observable": "0.5.3",
        "apollo-utilities": "1.0.4",
        "zen-observable": "0.6.1"
      }
    },
    "apollo-link-ws": {
      "version": "1.0.4",
      "resolved": "https://registry.npmjs.org/apollo-link-ws/-/apollo-link-ws-1.0.4.tgz",
      "integrity": "sha512-ioJGvhNu9PnIxzi00m3HOoW/gQ+AB7+Y9qtv1taPsIdNxV0FDKoMkL6N5Nf0KnWUPDysT8XcrOml5/VfF558nw==",
      "requires": {
        "apollo-link": "1.0.7"
      }
    },
    "apollo-utilities": {
      "version": "1.0.4",
      "resolved": "https://registry.npmjs.org/apollo-utilities/-/apollo-utilities-1.0.4.tgz",
      "integrity": "sha512-QnxSxRuJLCpa91P2Tzi3PCdpPydpBEawsHedr/hW7QrgOpn1fOicxgVrzhxt/au9rXSopwyDTBsGa7wEvz+DQQ=="
    },
    "zen-observable": {
      "version": "0.6.1",
      "resolved": "https://registry.npmjs.org/zen-observable/-/zen-observable-0.6.1.tgz",
      "integrity": "sha512-DKjFTL7siVLIUMZOFZ0alqMEdTsXPUxoCZzrvB2tdWEVN/6606Qh1nCfSTCAOZMrtcPzzFI3BXmwBKLAew52NA=="
    }
  }
}
